
Microsoft Visual Studio Solution File, Format Version 12.00
# Visual Studio Version 17
VisualStudioVersion = 17.5.33530.505
MinimumVisualStudioVersion = 10.0.40219.1
Project("{9A19103F-16F7-4668-BE54-9A1E7A4F7556}") = "Assignment1", "Assignment1\Assignment1.csproj", "{0C1FE59B-AB5A-4662-A421-A0742ADFBE3D}"
EndProject
Project("{9A19103F-16F7-4668-BE54-9A1E7A4F7556}") = "Assign2", "Assign2\Assign2.csproj", "{5A94EEA7-21D2-4C6B-BBCA-5F3032DBF9F5}"
EndProject
Project("{9A19103F-16F7-4668-BE54-9A1E7A4F7556}") = "Assign3", "Assign3\Assign3.csproj", "{6F58B70C-91B2-4B3D-8BB4-213E8224C5DB}"
EndProject
Project("{9A19103F-16F7-4668-BE54-9A1E7A4F7556}") = "Assign4", "Assign4\Assign4.csproj", "{F8A1966D-F941-4D49-9639-6AE95F702C65}"
EndProject
Project("{9A19103F-16F7-4668-BE54-9A1E7A4F7556}") = "Assign5CommonFunctions", "Assign5\Assign5CommonFunctions.csproj", "{7F7C423F-80C7-41F0-81FE-81906C320638}"
EndProject
Project("{9A19103F-16F7-4668-BE54-9A1E7A4F7556}") = "ClientApp", "ClientApp\ClientApp.csproj", "{5C096715-78B8-4B8D-9D66-ABA64439E3D4}"
EndProject
Project("{9A19103F-16F7-4668-BE54-9A1E7A4F7556}") = "Assign7", "Assign7\Assign7.csproj", "{AF0D1C01-86B3-4C9B-8889-029891033951}"
EndProject
Project("{FAE04EC0-301F-11D3-BF4B-00C04F79EFBC}") = "Assign6", "Assign6\Assign6.csproj", "{5E4423A4-4D5B-4E59-BEDB-6EE4DB674972}"
EndProject
Global
	GlobalSection(SolutionConfigurationPlatforms) = preSolution
		Debug|Any CPU = Debug|Any CPU
		Release|Any CPU = Release|Any CPU
	EndGlobalSection
	GlobalSection(ProjectConfigurationPlatforms) = postSolution
		{0C1FE59B-AB5A-4662-A421-A0742ADFBE3D}.Debug|Any CPU.ActiveCfg = Debug|Any CPU
		{0C1FE59B-AB5A-4662-A421-A0742ADFBE3D}.Debug|Any CPU.Build.0 = Debug|Any CPU
		{0C1FE59B-AB5A-4662-A421-A0742ADFBE3D}.Release|Any CPU.ActiveCfg = Release|Any CPU
		{0C1FE59B-AB5A-4662-A421-A0742ADFBE3D}.Release|Any CPU.Build.0 = Release|Any CPU
		{5A94EEA7-21D2-4C6B-BBCA-5F3032DBF9F5}.Debug|Any CPU.ActiveCfg = Debug|Any CPU
		{5A94EEA7-21D2-4C6B-BBCA-5F3032DBF9F5}.Debug|Any CPU.Build.0 = Debug|Any CPU
		{5A94EEA7-21D2-4C6B-BBCA-5F3032DBF9F5}.Release|Any CPU.ActiveCfg = Release|Any CPU
		{5A94EEA7-21D2-4C6B-BBCA-5F3032DBF9F5}.Release|Any CPU.Build.0 = Release|Any CPU
		{6F58B70C-91B2-4B3D-8BB4-213E8224C5DB}.Debug|Any CPU.ActiveCfg = Debug|Any CPU
		{6F58B70C-91B2-4B3D-8BB4-213E8224C5DB}.Debug|Any CPU.Build.0 = Debug|Any CPU
		{6F58B70C-91B2-4B3D-8BB4-213E8224C5DB}.Release|Any CPU.ActiveCfg = Release|Any CPU
		{6F58B70C-91B2-4B3D-8BB4-213E8224C5DB}.Release|Any CPU.Build.0 = Release|Any CPU
		{F8A1966D-F941-4D49-9639-6AE95F702C65}.Debug|Any CPU.ActiveCfg = Debug|Any CPU
		{F8A1966D-F941-4D49-9639-6AE95F702C65}.Debug|Any CPU.Build.0 = Debug|Any CPU
		{F8A1966D-F941-4D49-9639-6AE95F702C65}.Release|Any CPU.ActiveCfg = Release|Any CPU
		{F8A1966D-F941-4D49-9639-6AE95F702C65}.Release|Any CPU.Build.0 = Release|Any CPU
		{7F7C423F-80C7-41F0-81FE-81906C320638}.Debug|Any CPU.ActiveCfg = Debug|Any CPU
		{7F7C423F-80C7-41F0-81FE-81906C320638}.Debug|Any CPU.Build.0 = Debug|Any CPU
		{7F7C423F-80C7-41F0-81FE-81906C320638}.Release|Any CPU.ActiveCfg = Release|Any CPU
		{7F7C423F-80C7-41F0-81FE-81906C320638}.Release|Any CPU.Build.0 = Release|Any CPU
		{5C096715-78B8-4B8D-9D66-ABA64439E3D4}.Debug|Any CPU.ActiveCfg = Debug|Any CPU
		{5C096715-78B8-4B8D-9D66-ABA64439E3D4}.Debug|Any CPU.Build.0 = Debug|Any CPU
		{5C096715-78B8-4B8D-9D66-ABA64439E3D4}.Release|Any CPU.ActiveCfg = Release|Any CPU
		{5C096715-78B8-4B8D-9D66-ABA64439E3D4}.Release|Any CPU.Build.0 = Release|Any CPU
		{AF0D1C01-86B3-4C9B-8889-029891033951}.Debug|Any CPU.ActiveCfg = Debug|Any CPU
		{AF0D1C01-86B3-4C9B-8889-029891033951}.Debug|Any CPU.Build.0 = Debug|Any CPU
		{AF0D1C01-86B3-4C9B-8889-029891033951}.Release|Any CPU.ActiveCfg = Release|Any CPU
		{AF0D1C01-86B3-4C9B-8889-029891033951}.Release|Any CPU.Build.0 = Release|Any CPU
		{5E4423A4-4D5B-4E59-BEDB-6EE4DB674972}.Debug|Any CPU.ActiveCfg = Debug|Any CPU
		{5E4423A4-4D5B-4E59-BEDB-6EE4DB674972}.Debug|Any CPU.Build.0 = Debug|Any CPU
		{5E4423A4-4D5B-4E59-BEDB-6EE4DB674972}.Release|Any CPU.ActiveCfg = Release|Any CPU
		{5E4423A4-4D5B-4E59-BEDB-6EE4DB674972}.Release|Any CPU.Build.0 = Release|Any CPU
	EndGlobalSection
	GlobalSection(SolutionProperties) = preSolution
		HideSolutionNode = FALSE
	EndGlobalSection
	GlobalSection(ExtensibilityGlobals) = postSolution
		SolutionGuid = {75BE420F-9BF8-420A-BCD4-FA7CAB838D19}
	EndGlobalSection
EndGlobal
